
Microsoft Visual Studio Solution File, Format Version 12.00
# Visual Studio Version 17
VisualStudioVersion = 17.14.36518.9
MinimumVisualStudioVersion = 10.0.40219.1
Project("{FAE04EC0-301F-11D3-BF4B-00C04F79EFBC}") = "Pantry-API", "Pantry-API\Pantry-API.csproj", "{0A8F1C2D-B176-4EB7-B363-C64808890170}"
	ProjectSection(ProjectDependencies) = postProject
		{727CFD8C-23B7-C991-64E7-E71059A345FA} = {727CFD8C-23B7-C991-64E7-E71059A345FA}
	EndProjectSection
EndProject
Project("{FAE04EC0-301F-11D3-BF4B-00C04F79EFBC}") = "Persistence", "Persistence\Persistence.csproj", "{727CFD8C-23B7-C991-64E7-E71059A345FA}"
EndProject
Global
	GlobalSection(SolutionConfigurationPlatforms) = preSolution
		Debug|Any CPU = Debug|Any CPU
		Release|Any CPU = Release|Any CPU
	EndGlobalSection
	GlobalSection(ProjectConfigurationPlatforms) = postSolution
		{0A8F1C2D-B176-4EB7-B363-C64808890170}.Debug|Any CPU.ActiveCfg = Debug|Any CPU
		{0A8F1C2D-B176-4EB7-B363-C64808890170}.Debug|Any CPU.Build.0 = Debug|Any CPU
		{0A8F1C2D-B176-4EB7-B363-C64808890170}.Release|Any CPU.ActiveCfg = Release|Any CPU
		{0A8F1C2D-B176-4EB7-B363-C64808890170}.Release|Any CPU.Build.0 = Release|Any CPU
		{727CFD8C-23B7-C991-64E7-E71059A345FA}.Debug|Any CPU.ActiveCfg = Debug|Any CPU
		{727CFD8C-23B7-C991-64E7-E71059A345FA}.Debug|Any CPU.Build.0 = Debug|Any CPU
		{727CFD8C-23B7-C991-64E7-E71059A345FA}.Release|Any CPU.ActiveCfg = Release|Any CPU
		{727CFD8C-23B7-C991-64E7-E71059A345FA}.Release|Any CPU.Build.0 = Release|Any CPU
	EndGlobalSection
	GlobalSection(SolutionProperties) = preSolution
		HideSolutionNode = FALSE
	EndGlobalSection
	GlobalSection(ExtensibilityGlobals) = postSolution
		SolutionGuid = {7B507E0D-10F0-41A0-9A1A-DFC06368DDB8}
	EndGlobalSection
EndGlobal
